
Microsoft Visual Studio Solution File, Format Version 12.00
# Visual Studio Version 17
VisualStudioVersion = 17.2.32602.215
MinimumVisualStudioVersion = 10.0.40219.1
Project("{FAE04EC0-301F-11D3-BF4B-00C04F79EFBC}") = "VestigeNET", "SugarGuard\VestigeNET.csproj", "{77CC8A10-1F13-4423-A52C-72A1A2C7E87A}"
EndProject
Global
	GlobalSection(SolutionConfigurationPlatforms) = preSolution
		Debug|Any CPU = Debug|Any CPU
		Release|Any CPU = Release|Any CPU
	EndGlobalSection
	GlobalSection(ProjectConfigurationPlatforms) = postSolution
		{77CC8A10-1F13-4423-A52C-72A1A2C7E87A}.Debug|Any CPU.ActiveCfg = Debug|Any CPU
		{77CC8A10-1F13-4423-A52C-72A1A2C7E87A}.Debug|Any CPU.Build.0 = Debug|Any CPU
		{77CC8A10-1F13-4423-A52C-72A1A2C7E87A}.Release|Any CPU.ActiveCfg = Release|Any CPU
		{77CC8A10-1F13-4423-A52C-72A1A2C7E87A}.Release|Any CPU.Build.0 = Release|Any CPU
	EndGlobalSection
	GlobalSection(SolutionProperties) = preSolution
		HideSolutionNode = FALSE
	EndGlobalSection
	GlobalSection(ExtensibilityGlobals) = postSolution
		SolutionGuid = {DB1CC1C9-7C64-4650-8617-AF466887F3C8}
	EndGlobalSection
EndGlobal
